dependencies:
- name: ui
  repository: file://../ui
  version: 1.0.0
- name: bot
  repository: file://../bot
  version: 1.0.0
- name: rabbitmq
  repository: file://../rabbitmq
  version: "3.8"
- name: mongodb
  repository: https://kubernetes-charts.storage.googleapis.com
  version: 0.4.18
digest: sha256:446fd2f20d5f3ba27cf25f4ca313574c471746ffa1d35271c27e86d2c52c9b87
generated: "2019-07-11T10:51:05.463507952+07:00"
