dependencies:
- name: elasticsearch
  repository: file://../elasticsearch
  version: 0.1.0
- name: fluentd
  repository: file://../fluentd
  version: 0.1.0
- name: kibana
  repository: https://kubernetes-charts.storage.googleapis.com
  version: 0.1.1
digest: sha256:1b2854921025f3c5acf34dd338f107d07bb2f0772c6f94e0daaaaefea99c7907
generated: "2019-07-15T14:19:20.407793059+07:00"
